# THIS IS AN AUTOGENERATED FILE. DO NOT EDIT THIS FILE DIRECTLY.
# yarn lockfile v1


vue3-danmaku@^0.2.0:
  version "0.2.0"
  resolved "https://registry.yarnpkg.com/vue3-danmaku/-/vue3-danmaku-0.2.0.tgz#997c5fb454ce1f0e445f433e17d6c91869881eea"
  integrity sha512-pSoUBzBUdDOe2r8IlG/EL5Th53IYLbsD+9n3Iul9fdkZlbG2Gv2vczY4NaPtVXzk9+Hre3U0IonHicf5NEPOPQ==
